
Microsoft Visual Studio Solution File, Format Version 12.00
# Visual Studio Version 17
VisualStudioVersion = 17.0.32014.148
MinimumVisualStudioVersion = 10.0.40219.1
Project("{FAE04EC0-301F-11D3-BF4B-00C04F79EFBC}") = "Hastane_Otomasyonu", "Hastane_Otomasyonu\Hastane_Otomasyonu.csproj", "{9A804A58-F650-4282-849C-2A45AE7B44A7}"
EndProject
Global
	GlobalSection(SolutionConfigurationPlatforms) = preSolution
		Debug|Any CPU = Debug|Any CPU
		Release|Any CPU = Release|Any CPU
	EndGlobalSection
	GlobalSection(ProjectConfigurationPlatforms) = postSolution
		{9A804A58-F650-4282-849C-2A45AE7B44A7}.Debug|Any CPU.ActiveCfg = Debug|Any CPU
		{9A804A58-F650-4282-849C-2A45AE7B44A7}.Debug|Any CPU.Build.0 = Debug|Any CPU
		{9A804A58-F650-4282-849C-2A45AE7B44A7}.Release|Any CPU.ActiveCfg = Release|Any CPU
		{9A804A58-F650-4282-849C-2A45AE7B44A7}.Release|Any CPU.Build.0 = Release|Any CPU
	EndGlobalSection
	GlobalSection(SolutionProperties) = preSolution
		HideSolutionNode = FALSE
	EndGlobalSection
	GlobalSection(ExtensibilityGlobals) = postSolution
		SolutionGuid = {52D79534-13FE-4646-9C7F-41F5C3448246}
	EndGlobalSection
EndGlobal
